
Microsoft Visual Studio Solution File, Format Version 12.00
# Visual Studio Version 17
VisualStudioVersion = 17.13.35919.96 d17.13
MinimumVisualStudioVersion = 10.0.40219.1
Project("{FAE04EC0-301F-11D3-BF4B-00C04F79EFBC}") = "RetornoAulasCSHarp", "RetornoAulasCSHarp\RetornoAulasCSHarp.csproj", "{8AF212AD-F9E1-4B93-A3BD-AD9DBF151126}"
EndProject
Global
	GlobalSection(SolutionConfigurationPlatforms) = preSolution
		Debug|Any CPU = Debug|Any CPU
		Release|Any CPU = Release|Any CPU
	EndGlobalSection
	GlobalSection(ProjectConfigurationPlatforms) = postSolution
		{8AF212AD-F9E1-4B93-A3BD-AD9DBF151126}.Debug|Any CPU.ActiveCfg = Debug|Any CPU
		{8AF212AD-F9E1-4B93-A3BD-AD9DBF151126}.Debug|Any CPU.Build.0 = Debug|Any CPU
		{8AF212AD-F9E1-4B93-A3BD-AD9DBF151126}.Release|Any CPU.ActiveCfg = Release|Any CPU
		{8AF212AD-F9E1-4B93-A3BD-AD9DBF151126}.Release|Any CPU.Build.0 = Release|Any CPU
	EndGlobalSection
	GlobalSection(SolutionProperties) = preSolution
		HideSolutionNode = FALSE
	EndGlobalSection
	GlobalSection(ExtensibilityGlobals) = postSolution
		SolutionGuid = {4A982070-AE3F-4FDE-93A7-400A4CDC2A14}
	EndGlobalSection
EndGlobal
